
Microsoft Visual Studio Solution File, Format Version 12.00
# Visual Studio Version 16
VisualStudioVersion = 16.0.29728.190
MinimumVisualStudioVersion = 10.0.40219.1
Project("{9A19103F-16F7-4668-BE54-9A1E7A4F7556}") = "ObjectListView2019Core3", "ObjectListView\ObjectListView2019Core3.csproj", "{0C7C31CD-E6E8-4BF2-B152-51D952F8881B}"
EndProject
Global
	GlobalSection(SolutionConfigurationPlatforms) = preSolution
		Debug|Any CPU = Debug|Any CPU
		Release|Any CPU = Release|Any CPU
	EndGlobalSection
	GlobalSection(ProjectConfigurationPlatforms) = postSolution
		{0C7C31CD-E6E8-4BF2-B152-51D952F8881B}.Debug|Any CPU.ActiveCfg = Debug|Any CPU
		{0C7C31CD-E6E8-4BF2-B152-51D952F8881B}.Debug|Any CPU.Build.0 = Debug|Any CPU
		{0C7C31CD-E6E8-4BF2-B152-51D952F8881B}.Release|Any CPU.ActiveCfg = Release|Any CPU
		{0C7C31CD-E6E8-4BF2-B152-51D952F8881B}.Release|Any CPU.Build.0 = Release|Any CPU
	EndGlobalSection
	GlobalSection(SolutionProperties) = preSolution
		HideSolutionNode = FALSE
	EndGlobalSection
	GlobalSection(ExtensibilityGlobals) = postSolution
		SolutionGuid = {76FC4814-CA08-44AD-9D2B-5F3E019D0ED5}
	EndGlobalSection
EndGlobal
